// !$*UTF8*$!
{
	archiveVersion = 1;
	classes = {
	};
	objectVersion = 56;
	objects = {

/* Begin PBXBuildFile section */
		C76E01F32A15941300E729D0 /* IterateAppApp.swift in Sources */ = {isa = PBXBuildFile; fileRef = C76E01F22A15941300E729D0 /* IterateAppApp.swift */; };
		C76E01F52A15941300E729D0 /* ContentView.swift in Sources */ = {isa = PBXBuildFile; fileRef = C76E01F42A15941300E729D0 /* ContentView.swift */; };
		C76E01F72A15941400E729D0 /* Assets.xcassets in Resources */ = {isa = PBXBuildFile; fileRef = C76E01F62A15941400E729D0 /* Assets.xcassets */; };
		C76E01FA2A15941400E729D0 /* Preview Assets.xcassets in Resources */ = {isa = PBXBuildFile; fileRef = C76E01F92A15941400E729D0 /* Preview Assets.xcassets */; };
		C76E02012A15944A00E729D0 /* User.swift in Sources */ = {isa = PBXBuildFile; fileRef = C76E02002A15944A00E729D0 /* User.swift */; };
		C76E02402A19EA1D00E729D0 /* NoteDetailView.swift in Sources */ = {isa = PBXBuildFile; fileRef = C76E023F2A19EA1D00E729D0 /* NoteDetailView.swift */; };
		C76E024B2A1BC94C00E729D0 /* Bundle+Decode.swift in Sources */ = {isa = PBXBuildFile; fileRef = C76E024A2A1BC94C00E729D0 /* Bundle+Decode.swift */; };
		C76E02502A1BD59B00E729D0 /* NewNoteView.swift in Sources */ = {isa = PBXBuildFile; fileRef = C76E024F2A1BD59B00E729D0 /* NewNoteView.swift */; };
		C7795EAD2A441C96005ABA52 /* Note.swift in Sources */ = {isa = PBXBuildFile; fileRef = C7795EAC2A441C96005ABA52 /* Note.swift */; };
		C7B164B72A2B1CA3001E2DEE /* FileManager+DocumentsDirectory.swift in Sources */ = {isa = PBXBuildFile; fileRef = C7B164B62A2B1CA3001E2DEE /* FileManager+DocumentsDirectory.swift */; };
		C7B164BB2A2E6EFD001E2DEE /* NotesHomeView.swift in Sources */ = {isa = PBXBuildFile; fileRef = C7B164BA2A2E6EFD001E2DEE /* NotesHomeView.swift */; };
		C7C04D932A31968600763870 /* Authentication.swift in Sources */ = {isa = PBXBuildFile; fileRef = C7C04D922A31968600763870 /* Authentication.swift */; };
		C7C197C12A383BBD001CB12A /* Color+ColorString.swift in Sources */ = {isa = PBXBuildFile; fileRef = C7C197C02A383BBD001CB12A /* Color+ColorString.swift */; };
		C7F278852A2A9BA30070CFF6 /* Goal.swift in Sources */ = {isa = PBXBuildFile; fileRef = C7F278842A2A9BA30070CFF6 /* Goal.swift */; };
		C7F278882A2A9C710070CFF6 /* NoteCellView.swift in Sources */ = {isa = PBXBuildFile; fileRef = C7F278872A2A9C710070CFF6 /* NoteCellView.swift */; };
		C7F2788B2A2A9E3D0070CFF6 /* SymbolPicker in Frameworks */ = {isa = PBXBuildFile; productRef = C7F2788A2A2A9E3D0070CFF6 /* SymbolPicker */; };
		C7F2788E2A2A9EE40070CFF6 /* KeychainAccess in Frameworks */ = {isa = PBXBuildFile; productRef = C7F2788D2A2A9EE40070CFF6 /* KeychainAccess */; };
		EB47C5C12BCCD9210056C0B6 /* IterationBodyCellView.swift in Sources */ = {isa = PBXBuildFile; fileRef = EB47C5C02BCCD9210056C0B6 /* IterationBodyCellView.swift */; };
		EB47C5C42BD162C70056C0B6 /* SettingsView.swift in Sources */ = {isa = PBXBuildFile; fileRef = EB47C5C32BD162C70056C0B6 /* SettingsView.swift */; };
/* End PBXBuildFile section */

/* Begin PBXFileReference section */
		C76E01EF2A15941300E729D0 /* IterateApp.app */ = {isa = PBXFileReference; explicitFileType = wrapper.application; includeInIndex = 0; path = IterateApp.app; sourceTree = BUILT_PRODUCTS_DIR; };
		C76E01F22A15941300E729D0 /* IterateAppApp.swift */ = {isa = PBXFileReference; lastKnownFileType = sourcecode.swift; path = IterateAppApp.swift; sourceTree = "<group>"; };
		C76E01F42A15941300E729D0 /* ContentView.swift */ = {isa = PBXFileReference; lastKnownFileType = sourcecode.swift; path = ContentView.swift; sourceTree = "<group>"; };
		C76E01F62A15941400E729D0 /* Assets.xcassets */ = {isa = PBXFileReference; lastKnownFileType = folder.assetcatalog; path = Assets.xcassets; sourceTree = "<group>"; };
		C76E01F92A15941400E729D0 /* Preview Assets.xcassets */ = {isa = PBXFileReference; lastKnownFileType = folder.assetcatalog; path = "Preview Assets.xcassets"; sourceTree = "<group>"; };
		C76E02002A15944A00E729D0 /* User.swift */ = {isa = PBXFileReference; lastKnownFileType = sourcecode.swift; path = User.swift; sourceTree = "<group>"; };
		C76E023F2A19EA1D00E729D0 /* NoteDetailView.swift */ = {isa = PBXFileReference; lastKnownFileType = sourcecode.swift; path = NoteDetailView.swift; sourceTree = "<group>"; };
		C76E024A2A1BC94C00E729D0 /* Bundle+Decode.swift */ = {isa = PBXFileReference; lastKnownFileType = sourcecode.swift; path = "Bundle+Decode.swift"; sourceTree = "<group>"; };
		C76E024F2A1BD59B00E729D0 /* NewNoteView.swift */ = {isa = PBXFileReference; lastKnownFileType = sourcecode.swift; path = NewNoteView.swift; sourceTree = "<group>"; };
		C76E02512A1BE0A400E729D0 /* Info.plist */ = {isa = PBXFileReference; lastKnownFileType = text.plist.xml; path = Info.plist; sourceTree = "<group>"; };
		C7795EAC2A441C96005ABA52 /* Note.swift */ = {isa = PBXFileReference; lastKnownFileType = sourcecode.swift; path = Note.swift; sourceTree = "<group>"; };
		C7B164B62A2B1CA3001E2DEE /* FileManager+DocumentsDirectory.swift */ = {isa = PBXFileReference; lastKnownFileType = sourcecode.swift; path = "FileManager+DocumentsDirectory.swift"; sourceTree = "<group>"; };
		C7B164BA2A2E6EFD001E2DEE /* NotesHomeView.swift */ = {isa = PBXFileReference; lastKnownFileType = sourcecode.swift; path = NotesHomeView.swift; sourceTree = "<group>"; };
		C7C04D922A31968600763870 /* Authentication.swift */ = {isa = PBXFileReference; lastKnownFileType = sourcecode.swift; path = Authentication.swift; sourceTree = "<group>"; };
		C7C197C02A383BBD001CB12A /* Color+ColorString.swift */ = {isa = PBXFileReference; lastKnownFileType = sourcecode.swift; path = "Color+ColorString.swift"; sourceTree = "<group>"; };
		C7F278842A2A9BA30070CFF6 /* Goal.swift */ = {isa = PBXFileReference; lastKnownFileType = sourcecode.swift; path = Goal.swift; sourceTree = "<group>"; };
		C7F278872A2A9C710070CFF6 /* NoteCellView.swift */ = {isa = PBXFileReference; lastKnownFileType = sourcecode.swift; path = NoteCellView.swift; sourceTree = "<group>"; };
		EB47C5C02BCCD9210056C0B6 /* IterationBodyCellView.swift */ = {isa = PBXFileReference; lastKnownFileType = sourcecode.swift; path = IterationBodyCellView.swift; sourceTree = "<group>"; };
		EB47C5C32BD162C70056C0B6 /* SettingsView.swift */ = {isa = PBXFileReference; lastKnownFileType = sourcecode.swift; path = SettingsView.swift; sourceTree = "<group>"; };
/* End PBXFileReference section */

/* Begin PBXFrameworksBuildPhase section */
		C76E01EC2A15941300E729D0 /* Frameworks */ = {
			isa = PBXFrameworksBuildPhase;
			buildActionMask = 2147483647;
			files = (
				C7F2788E2A2A9EE40070CFF6 /* KeychainAccess in Frameworks */,
				C7F2788B2A2A9E3D0070CFF6 /* SymbolPicker in Frameworks */,
			);
			runOnlyForDeploymentPostprocessing = 0;
		};
/* End PBXFrameworksBuildPhase section */

/* Begin PBXGroup section */
		C76E01E62A15941300E729D0 = {
			isa = PBXGroup;
			children = (
				C76E01F12A15941300E729D0 /* IterateApp */,
				C76E01F02A15941300E729D0 /* Products */,
			);
			sourceTree = "<group>";
		};
		C76E01F02A15941300E729D0 /* Products */ = {
			isa = PBXGroup;
			children = (
				C76E01EF2A15941300E729D0 /* IterateApp.app */,
			);
			name = Products;
			sourceTree = "<group>";
		};
		C76E01F12A15941300E729D0 /* IterateApp */ = {
			isa = PBXGroup;
			children = (
				C76E01F22A15941300E729D0 /* IterateAppApp.swift */,
				C76E01F42A15941300E729D0 /* ContentView.swift */,
				C7F278832A2A98F30070CFF6 /* Views */,
				C76E024E2A1BC97D00E729D0 /* Models */,
				C76E024C2A1BC95E00E729D0 /* Extensions */,
				C7C04D942A31968B00763870 /* Utilities */,
				C76E01F62A15941400E729D0 /* Assets.xcassets */,
				C76E02512A1BE0A400E729D0 /* Info.plist */,
				C76E01F82A15941400E729D0 /* Preview Content */,
			);
			path = IterateApp;
			sourceTree = "<group>";
		};
		C76E01F82A15941400E729D0 /* Preview Content */ = {
			isa = PBXGroup;
			children = (
				C76E01F92A15941400E729D0 /* Preview Assets.xcassets */,
			);
			path = "Preview Content";
			sourceTree = "<group>";
		};
		C76E024C2A1BC95E00E729D0 /* Extensions */ = {
			isa = PBXGroup;
			children = (
				C76E024A2A1BC94C00E729D0 /* Bundle+Decode.swift */,
				C7C197C02A383BBD001CB12A /* Color+ColorString.swift */,
				C7B164B62A2B1CA3001E2DEE /* FileManager+DocumentsDirectory.swift */,
			);
			path = Extensions;
			sourceTree = "<group>";
		};
		C76E024E2A1BC97D00E729D0 /* Models */ = {
			isa = PBXGroup;
			children = (
				C76E02002A15944A00E729D0 /* User.swift */,
				C7F278842A2A9BA30070CFF6 /* Goal.swift */,
				C7795EAC2A441C96005ABA52 /* Note.swift */,
			);
			path = Models;
			sourceTree = "<group>";
		};
		C7795EAE2A4DC3E3005ABA52 /* Cells */ = {
			isa = PBXGroup;
			children = (
				C7F278872A2A9C710070CFF6 /* NoteCellView.swift */,
				EB47C5C02BCCD9210056C0B6 /* IterationBodyCellView.swift */,
			);
			path = Cells;
			sourceTree = "<group>";
		};
		C7B164BD2A2E787C001E2DEE /* Notes */ = {
			isa = PBXGroup;
			children = (
				C76E024F2A1BD59B00E729D0 /* NewNoteView.swift */,
				C76E023F2A19EA1D00E729D0 /* NoteDetailView.swift */,
			);
			path = Notes;
			sourceTree = "<group>";
		};
		C7C04D942A31968B00763870 /* Utilities */ = {
			isa = PBXGroup;
			children = (
				C7C04D922A31968600763870 /* Authentication.swift */,
			);
			path = Utilities;
			sourceTree = "<group>";
		};
		C7C197BB2A3270E5001CB12A /* Home */ = {
			isa = PBXGroup;
			children = (
				C7B164BA2A2E6EFD001E2DEE /* NotesHomeView.swift */,
			);
			path = Home;
			sourceTree = "<group>";
		};
		C7F278832A2A98F30070CFF6 /* Views */ = {
			isa = PBXGroup;
			children = (
				C7C197BB2A3270E5001CB12A /* Home */,
				C7B164BD2A2E787C001E2DEE /* Notes */,
				EB47C5C22BD162B40056C0B6 /* Settings */,
				C7795EAE2A4DC3E3005ABA52 /* Cells */,
			);
			path = Views;
			sourceTree = "<group>";
		};
		EB47C5C22BD162B40056C0B6 /* Settings */ = {
			isa = PBXGroup;
			children = (
				EB47C5C32BD162C70056C0B6 /* SettingsView.swift */,
			);
			path = Settings;
			sourceTree = "<group>";
		};
/* End PBXGroup section */

/* Begin PBXNativeTarget section */
		C76E01EE2A15941300E729D0 /* IterateApp */ = {
			isa = PBXNativeTarget;
			buildConfigurationList = C76E01FD2A15941400E729D0 /* Build configuration list for PBXNativeTarget "IterateApp" */;
			buildPhases = (
				C76E01EB2A15941300E729D0 /* Sources */,
				C76E01EC2A15941300E729D0 /* Frameworks */,
				C76E01ED2A15941300E729D0 /* Resources */,
			);
			buildRules = (
			);
			dependencies = (
			);
			name = IterateApp;
			packageProductDependencies = (
				C7F2788A2A2A9E3D0070CFF6 /* SymbolPicker */,
				C7F2788D2A2A9EE40070CFF6 /* KeychainAccess */,
			);
			productName = IterateApp;
			productReference = C76E01EF2A15941300E729D0 /* IterateApp.app */;
			productType = "com.apple.product-type.application";
		};
/* End PBXNativeTarget section */

/* Begin PBXProject section */
		C76E01E72A15941300E729D0 /* Project object */ = {
			isa = PBXProject;
			attributes = {
				BuildIndependentTargetsInParallel = 1;
				LastSwiftUpdateCheck = 1430;
				LastUpgradeCheck = 1430;
				TargetAttributes = {
					C76E01EE2A15941300E729D0 = {
						CreatedOnToolsVersion = 14.3;
					};
				};
			};
			buildConfigurationList = C76E01EA2A15941300E729D0 /* Build configuration list for PBXProject "IterateApp" */;
			compatibilityVersion = "Xcode 14.0";
			developmentRegion = en;
			hasScannedForEncodings = 0;
			knownRegions = (
				en,
				Base,
			);
			mainGroup = C76E01E62A15941300E729D0;
			packageReferences = (
				C7F278892A2A9E3D0070CFF6 /* XCRemoteSwiftPackageReference "SymbolPicker" */,
				C7F2788C2A2A9EE40070CFF6 /* XCRemoteSwiftPackageReference "KeychainAccess" */,
			);
			productRefGroup = C76E01F02A15941300E729D0 /* Products */;
			projectDirPath = "";
			projectRoot = "";
			targets = (
				C76E01EE2A15941300E729D0 /* IterateApp */,
			);
		};
/* End PBXProject section */

/* Begin PBXResourcesBuildPhase section */
		C76E01ED2A15941300E729D0 /* Resources */ = {
			isa = PBXResourcesBuildPhase;
			buildActionMask = 2147483647;
			files = (
				C76E01FA2A15941400E729D0 /* Preview Assets.xcassets in Resources */,
				C76E01F72A15941400E729D0 /* Assets.xcassets in Resources */,
			);
			runOnlyForDeploymentPostprocessing = 0;
		};
/* End PBXResourcesBuildPhase section */

/* Begin PBXSourcesBuildPhase section */
		C76E01EB2A15941300E729D0 /* Sources */ = {
			isa = PBXSourcesBuildPhase;
			buildActionMask = 2147483647;
			files = (
				EB47C5C42BD162C70056C0B6 /* SettingsView.swift in Sources */,
				C76E024B2A1BC94C00E729D0 /* Bundle+Decode.swift in Sources */,
				C76E02502A1BD59B00E729D0 /* NewNoteView.swift in Sources */,
				C7F278882A2A9C710070CFF6 /* NoteCellView.swift in Sources */,
				C7B164BB2A2E6EFD001E2DEE /* NotesHomeView.swift in Sources */,
				EB47C5C12BCCD9210056C0B6 /* IterationBodyCellView.swift in Sources */,
				C76E01F52A15941300E729D0 /* ContentView.swift in Sources */,
				C76E01F32A15941300E729D0 /* IterateAppApp.swift in Sources */,
				C7C197C12A383BBD001CB12A /* Color+ColorString.swift in Sources */,
				C7795EAD2A441C96005ABA52 /* Note.swift in Sources */,
				C76E02402A19EA1D00E729D0 /* NoteDetailView.swift in Sources */,
				C76E02012A15944A00E729D0 /* User.swift in Sources */,
				C7B164B72A2B1CA3001E2DEE /* FileManager+DocumentsDirectory.swift in Sources */,
				C7F278852A2A9BA30070CFF6 /* Goal.swift in Sources */,
				C7C04D932A31968600763870 /* Authentication.swift in Sources */,
			);
			runOnlyForDeploymentPostprocessing = 0;
		};
/* End PBXSourcesBuildPhase section */

/* Begin XCBuildConfiguration section */
		C76E01FB2A15941400E729D0 /* Debug */ = {
			isa = XCBuildConfiguration;
			buildSettings = {
				ALWAYS_SEARCH_USER_PATHS = NO;
				CLANG_ANALYZER_NONNULL = YES;
				CLANG_ANALYZER_NUMBER_OBJECT_CONVERSION = YES_AGGRESSIVE;
				CLANG_CXX_LANGUAGE_STANDARD = "gnu++20";
				CLANG_ENABLE_MODULES = YES;
				CLANG_ENABLE_OBJC_ARC = YES;
				CLANG_ENABLE_OBJC_WEAK = YES;
				CLANG_WARN_BLOCK_CAPTURE_AUTORELEASING = YES;
				CLANG_WARN_BOOL_CONVERSION = YES;
				CLANG_WARN_COMMA = YES;
				CLANG_WARN_CONSTANT_CONVERSION = YES;
				CLANG_WARN_DEPRECATED_OBJC_IMPLEMENTATIONS = YES;
				CLANG_WARN_DIRECT_OBJC_ISA_USAGE = YES_ERROR;
				CLANG_WARN_DOCUMENTATION_COMMENTS = YES;
				CLANG_WARN_EMPTY_BODY = YES;
				CLANG_WARN_ENUM_CONVERSION = YES;
				CLANG_WARN_INFINITE_RECURSION = YES;
				CLANG_WARN_INT_CONVERSION = YES;
				CLANG_WARN_NON_LITERAL_NULL_CONVERSION = YES;
				CLANG_WARN_OBJC_IMPLICIT_RETAIN_SELF = YES;
				CLANG_WARN_OBJC_LITERAL_CONVERSION = YES;
				CLANG_WARN_OBJC_ROOT_CLASS = YES_ERROR;
				CLANG_WARN_QUOTED_INCLUDE_IN_FRAMEWORK_HEADER = YES;
				CLANG_WARN_RANGE_LOOP_ANALYSIS = YES;
				CLANG_WARN_STRICT_PROTOTYPES = YES;
				CLANG_WARN_SUSPICIOUS_MOVE = YES;
				CLANG_WARN_UNGUARDED_AVAILABILITY = YES_AGGRESSIVE;
				CLANG_WARN_UNREACHABLE_CODE = YES;
				CLANG_WARN__DUPLICATE_METHOD_MATCH = YES;
				COPY_PHASE_STRIP = NO;
				DEBUG_INFORMATION_FORMAT = dwarf;
				ENABLE_STRICT_OBJC_MSGSEND = YES;
				ENABLE_TESTABILITY = YES;
				GCC_C_LANGUAGE_STANDARD = gnu11;
				GCC_DYNAMIC_NO_PIC = NO;
				GCC_NO_COMMON_BLOCKS = YES;
				GCC_OPTIMIZATION_LEVEL = 0;
				GCC_PREPROCESSOR_DEFINITIONS = (
					"DEBUG=1",
					"$(inherited)",
				);
				GCC_WARN_64_TO_32_BIT_CONVERSION = YES;
				GCC_WARN_ABOUT_RETURN_TYPE = YES_ERROR;
				GCC_WARN_UNDECLARED_SELECTOR = YES;
				GCC_WARN_UNINITIALIZED_AUTOS = YES_AGGRESSIVE;
				GCC_WARN_UNUSED_FUNCTION = YES;
				GCC_WARN_UNUSED_VARIABLE = YES;
				IPHONEOS_DEPLOYMENT_TARGET = 16.4;
				MTL_ENABLE_DEBUG_INFO = INCLUDE_SOURCE;
				MTL_FAST_MATH = YES;
				ONLY_ACTIVE_ARCH = YES;
				SDKROOT = iphoneos;
				SWIFT_ACTIVE_COMPILATION_CONDITIONS = DEBUG;
				SWIFT_OPTIMIZATION_LEVEL = "-Onone";
			};
			name = Debug;
		};
		C76E01FC2A15941400E729D0 /* Release */ = {
			isa = XCBuildConfiguration;
			buildSettings = {
				ALWAYS_SEARCH_USER_PATHS = NO;
				CLANG_ANALYZER_NONNULL = YES;
				CLANG_ANALYZER_NUMBER_OBJECT_CONVERSION = YES_AGGRESSIVE;
				CLANG_CXX_LANGUAGE_STANDARD = "gnu++20";
				CLANG_ENABLE_MODULES = YES;
				CLANG_ENABLE_OBJC_ARC = YES;
				CLANG_ENABLE_OBJC_WEAK = YES;
				CLANG_WARN_BLOCK_CAPTURE_AUTORELEASING = YES;
				CLANG_WARN_BOOL_CONVERSION = YES;
				CLANG_WARN_COMMA = YES;
				CLANG_WARN_CONSTANT_CONVERSION = YES;
				CLANG_WARN_DEPRECATED_OBJC_IMPLEMENTATIONS = YES;
				CLANG_WARN_DIRECT_OBJC_ISA_USAGE = YES_ERROR;
				CLANG_WARN_DOCUMENTATION_COMMENTS = YES;
				CLANG_WARN_EMPTY_BODY = YES;
				CLANG_WARN_ENUM_CONVERSION = YES;
				CLANG_WARN_INFINITE_RECURSION = YES;
				CLANG_WARN_INT_CONVERSION = YES;
				CLANG_WARN_NON_LITERAL_NULL_CONVERSION = YES;
				CLANG_WARN_OBJC_IMPLICIT_RETAIN_SELF = YES;
				CLANG_WARN_OBJC_LITERAL_CONVERSION = YES;
				CLANG_WARN_OBJC_ROOT_CLASS = YES_ERROR;
				CLANG_WARN_QUOTED_INCLUDE_IN_FRAMEWORK_HEADER = YES;
				CLANG_WARN_RANGE_LOOP_ANALYSIS = YES;
				CLANG_WARN_STRICT_PROTOTYPES = YES;
				CLANG_WARN_SUSPICIOUS_MOVE = YES;
				CLANG_WARN_UNGUARDED_AVAILABILITY = YES_AGGRESSIVE;
				CLANG_WARN_UNREACHABLE_CODE = YES;
				CLANG_WARN__DUPLICATE_METHOD_MATCH = YES;
				COPY_PHASE_STRIP = NO;
				DEBUG_INFORMATION_FORMAT = "dwarf-with-dsym";
				ENABLE_NS_ASSERTIONS = NO;
				ENABLE_STRICT_OBJC_MSGSEND = YES;
				GCC_C_LANGUAGE_STANDARD = gnu11;
				GCC_NO_COMMON_BLOCKS = YES;
				GCC_WARN_64_TO_32_BIT_CONVERSION = YES;
				GCC_WARN_ABOUT_RETURN_TYPE = YES_ERROR;
				GCC_WARN_UNDECLARED_SELECTOR = YES;
				GCC_WARN_UNINITIALIZED_AUTOS = YES_AGGRESSIVE;
				GCC_WARN_UNUSED_FUNCTION = YES;
				GCC_WARN_UNUSED_VARIABLE = YES;
				IPHONEOS_DEPLOYMENT_TARGET = 16.4;
				MTL_ENABLE_DEBUG_INFO = NO;
				MTL_FAST_MATH = YES;
				SDKROOT = iphoneos;
				SWIFT_COMPILATION_MODE = wholemodule;
				SWIFT_OPTIMIZATION_LEVEL = "-O";
				VALIDATE_PRODUCT = YES;
			};
			name = Release;
		};
		C76E01FE2A15941400E729D0 /* Debug */ = {
			isa = XCBuildConfiguration;
			buildSettings = {
				ASSETCATALOG_COMPILER_APPICON_NAME = AppIcon;
				ASSETCATALOG_COMPILER_GLOBAL_ACCENT_COLOR_NAME = AccentColor;
				CODE_SIGN_STYLE = Automatic;
				CURRENT_PROJECT_VERSION = 1;
				DEVELOPMENT_ASSET_PATHS = "\"IterateApp/Preview Content\"";
				DEVELOPMENT_TEAM = E7DB2AD65D;
				ENABLE_PREVIEWS = YES;
				GENERATE_INFOPLIST_FILE = YES;
				INFOPLIST_FILE = IterateApp/Info.plist;
				INFOPLIST_KEY_UIApplicationSceneManifest_Generation = YES;
				INFOPLIST_KEY_UIApplicationSupportsIndirectInputEvents = YES;
				INFOPLIST_KEY_UILaunchScreen_Generation = YES;
				INFOPLIST_KEY_UISupportedInterfaceOrientations_iPad = "UIInterfaceOrientationPortrait UIInterfaceOrientationPortraitUpsideDown UIInterfaceOrientationLandscapeLeft UIInterfaceOrientationLandscapeRight";
				INFOPLIST_KEY_UISupportedInterfaceOrientations_iPhone = "UIInterfaceOrientationPortrait UIInterfaceOrientationLandscapeLeft UIInterfaceOrientationLandscapeRight";
				IPHONEOS_DEPLOYMENT_TARGET = 17.2;
				LD_RUNPATH_SEARCH_PATHS = (
					"$(inherited)",
					"@executable_path/Frameworks",
				);
				MARKETING_VERSION = 1.0;
				PRODUCT_BUNDLE_IDENTIFIER = "com.gmail-jsphglmr.IterateApp";
				PRODUCT_NAME = "$(TARGET_NAME)";
				SWIFT_EMIT_LOC_STRINGS = YES;
				SWIFT_VERSION = 5.0;
				TARGETED_DEVICE_FAMILY = "1,2";
			};
			name = Debug;
		};
		C76E01FF2A15941400E729D0 /* Release */ = {
			isa = XCBuildConfiguration;
			buildSettings = {
				ASSETCATALOG_COMPILER_APPICON_NAME = AppIcon;
				ASSETCATALOG_COMPILER_GLOBAL_ACCENT_COLOR_NAME = AccentColor;
				CODE_SIGN_STYLE = Automatic;
				CURRENT_PROJECT_VERSION = 1;
				DEVELOPMENT_ASSET_PATHS = "\"IterateApp/Preview Content\"";
				DEVELOPMENT_TEAM = E7DB2AD65D;
				ENABLE_PREVIEWS = YES;
				GENERATE_INFOPLIST_FILE = YES;
				INFOPLIST_FILE = IterateApp/Info.plist;
				INFOPLIST_KEY_UIApplicationSceneManifest_Generation = YES;
				INFOPLIST_KEY_UIApplicationSupportsIndirectInputEvents = YES;
				INFOPLIST_KEY_UILaunchScreen_Generation = YES;
				INFOPLIST_KEY_UISupportedInterfaceOrientations_iPad = "UIInterfaceOrientationPortrait UIInterfaceOrientationPortraitUpsideDown UIInterfaceOrientationLandscapeLeft UIInterfaceOrientationLandscapeRight";
				INFOPLIST_KEY_UISupportedInterfaceOrientations_iPhone = "UIInterfaceOrientationPortrait UIInterfaceOrientationLandscapeLeft UIInterfaceOrientationLandscapeRight";
				IPHONEOS_DEPLOYMENT_TARGET = 17.2;
				LD_RUNPATH_SEARCH_PATHS = (
					"$(inherited)",
					"@executable_path/Frameworks",
				);
				MARKETING_VERSION = 1.0;
				PRODUCT_BUNDLE_IDENTIFIER = "com.gmail-jsphglmr.IterateApp";
				PRODUCT_NAME = "$(TARGET_NAME)";
				SWIFT_EMIT_LOC_STRINGS = YES;
				SWIFT_VERSION = 5.0;
				TARGETED_DEVICE_FAMILY = "1,2";
			};
			name = Release;
		};
/* End XCBuildConfiguration section */

/* Begin XCConfigurationList section */
		C76E01EA2A15941300E729D0 /* Build configuration list for PBXProject "IterateApp" */ = {
			isa = XCConfigurationList;
			buildConfigurations = (
				C76E01FB2A15941400E729D0 /* Debug */,
				C76E01FC2A15941400E729D0 /* Release */,
			);
			defaultConfigurationIsVisible = 0;
			defaultConfigurationName = Release;
		};
		C76E01FD2A15941400E729D0 /* Build configuration list for PBXNativeTarget "IterateApp" */ = {
			isa = XCConfigurationList;
			buildConfigurations = (
				C76E01FE2A15941400E729D0 /* Debug */,
				C76E01FF2A15941400E729D0 /* Release */,
			);
			defaultConfigurationIsVisible = 0;
			defaultConfigurationName = Release;
		};
/* End XCConfigurationList section */

/* Begin XCRemoteSwiftPackageReference section */
		C7F278892A2A9E3D0070CFF6 /* XCRemoteSwiftPackageReference "SymbolPicker" */ = {
			isa = XCRemoteSwiftPackageReference;
			repositoryURL = "https://github.com/xnth97/SymbolPicker";
			requirement = {
				kind = upToNextMajorVersion;
				minimumVersion = 1.0.0;
			};
		};
		C7F2788C2A2A9EE40070CFF6 /* XCRemoteSwiftPackageReference "KeychainAccess" */ = {
			isa = XCRemoteSwiftPackageReference;
			repositoryURL = "https://github.com/kishikawakatsumi/KeychainAccess";
			requirement = {
				branch = master;
				kind = branch;
			};
		};
/* End XCRemoteSwiftPackageReference section */

/* Begin XCSwiftPackageProductDependency section */
		C7F2788A2A2A9E3D0070CFF6 /* SymbolPicker */ = {
			isa = XCSwiftPackageProductDependency;
			package = C7F278892A2A9E3D0070CFF6 /* XCRemoteSwiftPackageReference "SymbolPicker" */;
			productName = SymbolPicker;
		};
		C7F2788D2A2A9EE40070CFF6 /* KeychainAccess */ = {
			isa = XCSwiftPackageProductDependency;
			package = C7F2788C2A2A9EE40070CFF6 /* XCRemoteSwiftPackageReference "KeychainAccess" */;
			productName = KeychainAccess;
		};
/* End XCSwiftPackageProductDependency section */
	};
	rootObject = C76E01E72A15941300E729D0 /* Project object */;
}
